
Microsoft Visual Studio Solution File, Format Version 12.00
# Visual Studio Version 16
VisualStudioVersion = 16.0.29905.134
MinimumVisualStudioVersion = 10.0.40219.1
Project("{9A19103F-16F7-4668-BE54-9A1E7A4F7556}") = "kata-gof-builder-pattern-shop-order-completion", "kata-gof-builder-pattern-shop-order-completion\kata-gof-builder-pattern-shop-order-completion.csproj", "{BA15DA09-5C3E-4CB3-9A5F-1224F9DEA5C0}"
EndProject
Project("{9A19103F-16F7-4668-BE54-9A1E7A4F7556}") = "kata-gof-builder-shop-order-completion-tests", "kata-gof-builder-shop-order-completion-tests\kata-gof-builder-shop-order-completion-tests.csproj", "{763E14F8-BCAD-4487-89E9-695D6A732864}"
EndProject
Project("{2150E333-8FDC-42A3-9474-1A3956D46DE8}") = "Solution Items", "Solution Items", "{49ADF755-D094-4C7C-8BF1-B64DB45620A3}"
	ProjectSection(SolutionItems) = preProject
		BuilderPattern.png = BuilderPattern.png
		composite-structure.puml = composite-structure.puml
		composite-structure.svg = composite-structure.svg
		README.md = README.md
	EndProjectSection
EndProject
Global
	GlobalSection(SolutionConfigurationPlatforms) = preSolution
		Debug|Any CPU = Debug|Any CPU
		Release|Any CPU = Release|Any CPU
	EndGlobalSection
	GlobalSection(ProjectConfigurationPlatforms) = postSolution
		{BA15DA09-5C3E-4CB3-9A5F-1224F9DEA5C0}.Debug|Any CPU.ActiveCfg = Debug|Any CPU
		{BA15DA09-5C3E-4CB3-9A5F-1224F9DEA5C0}.Debug|Any CPU.Build.0 = Debug|Any CPU
		{BA15DA09-5C3E-4CB3-9A5F-1224F9DEA5C0}.Release|Any CPU.ActiveCfg = Release|Any CPU
		{BA15DA09-5C3E-4CB3-9A5F-1224F9DEA5C0}.Release|Any CPU.Build.0 = Release|Any CPU
		{763E14F8-BCAD-4487-89E9-695D6A732864}.Debug|Any CPU.ActiveCfg = Debug|Any CPU
		{763E14F8-BCAD-4487-89E9-695D6A732864}.Debug|Any CPU.Build.0 = Debug|Any CPU
		{763E14F8-BCAD-4487-89E9-695D6A732864}.Release|Any CPU.ActiveCfg = Release|Any CPU
		{763E14F8-BCAD-4487-89E9-695D6A732864}.Release|Any CPU.Build.0 = Release|Any CPU
	EndGlobalSection
	GlobalSection(SolutionProperties) = preSolution
		HideSolutionNode = FALSE
	EndGlobalSection
	GlobalSection(ExtensibilityGlobals) = postSolution
		SolutionGuid = {0DAE6CA1-898A-4D26-BB99-D49F5DE0C2A3}
	EndGlobalSection
EndGlobal
